
Microsoft Visual Studio Solution File, Format Version 12.00
# Visual Studio 15
VisualStudioVersion = 15.0.28010.2016
MinimumVisualStudioVersion = 10.0.40219.1
Project("{FAE04EC0-301F-11D3-BF4B-00C04F79EFBC}") = "Selenium Framework POC", "Selenium Framework POC\Selenium Framework POC.csproj", "{D709D834-0544-4119-9D12-0648B649675C}"
EndProject
Project("{FAE04EC0-301F-11D3-BF4B-00C04F79EFBC}") = "Selenium_D3_test", "Selenium D3 test\Selenium_D3_test.csproj", "{94A27A33-1F23-4602-B18C-366F21CCB5DD}"
EndProject
Project("{FAE04EC0-301F-11D3-BF4B-00C04F79EFBC}") = "Relativity_test", "Relativity_test\Relativity_test.csproj", "{4BA6F4E1-6250-4B6C-8202-B681D8C1DC5F}"
EndProject
Global
	GlobalSection(SolutionConfigurationPlatforms) = preSolution
		Debug|Any CPU = Debug|Any CPU
		Release|Any CPU = Release|Any CPU
	EndGlobalSection
	GlobalSection(ProjectConfigurationPlatforms) = postSolution
		{D709D834-0544-4119-9D12-0648B649675C}.Debug|Any CPU.ActiveCfg = Debug|Any CPU
		{D709D834-0544-4119-9D12-0648B649675C}.Debug|Any CPU.Build.0 = Debug|Any CPU
		{D709D834-0544-4119-9D12-0648B649675C}.Release|Any CPU.ActiveCfg = Release|Any CPU
		{D709D834-0544-4119-9D12-0648B649675C}.Release|Any CPU.Build.0 = Release|Any CPU
		{94A27A33-1F23-4602-B18C-366F21CCB5DD}.Debug|Any CPU.ActiveCfg = Debug|Any CPU
		{94A27A33-1F23-4602-B18C-366F21CCB5DD}.Debug|Any CPU.Build.0 = Debug|Any CPU
		{94A27A33-1F23-4602-B18C-366F21CCB5DD}.Release|Any CPU.ActiveCfg = Release|Any CPU
		{94A27A33-1F23-4602-B18C-366F21CCB5DD}.Release|Any CPU.Build.0 = Release|Any CPU
		{4BA6F4E1-6250-4B6C-8202-B681D8C1DC5F}.Debug|Any CPU.ActiveCfg = Debug|Any CPU
		{4BA6F4E1-6250-4B6C-8202-B681D8C1DC5F}.Debug|Any CPU.Build.0 = Debug|Any CPU
		{4BA6F4E1-6250-4B6C-8202-B681D8C1DC5F}.Release|Any CPU.ActiveCfg = Release|Any CPU
		{4BA6F4E1-6250-4B6C-8202-B681D8C1DC5F}.Release|Any CPU.Build.0 = Release|Any CPU
	EndGlobalSection
	GlobalSection(SolutionProperties) = preSolution
		HideSolutionNode = FALSE
	EndGlobalSection
	GlobalSection(ExtensibilityGlobals) = postSolution
		SolutionGuid = {E84D72D5-FC07-4602-AFBF-0FA85B760634}
	EndGlobalSection
EndGlobal
